github.com/q-meet/m3u8Tool/dl v0.0.0-20210218104036-d0d4d45ee0bc h1:nX5PB2kTdObbFrcBKojnE4AApmxdg7+OGLvkpKx29UQ=
github.com/q-meet/m3u8Tool/dl v0.0.0-20210218104036-d0d4d45ee0bc/go.mod h1:3n/lh0JRrvFzJyvY8wu9GppnIh/6BVlfrBwbidt2bc0=
github.com/q-meet/m3u8Tool/parse v0.0.0-20210218104036-d0d4d45ee0bc h1:pAa/zh5iAqmM1nd/Vg92vlNp3eF9EbFr+lNVTAkDOPs=
github.com/q-meet/m3u8Tool/parse v0.0.0-20210218104036-d0d4d45ee0bc/go.mod h1:w4oN3vWhcI2wudbruLkcbebnADCMMXq7KVMPV+fSB2c=
github.com/q-meet/m3u8Tool/tool v0.0.0-20210218104036-d0d4d45ee0bc h1:lNtOrlokXm/hsdbi3vj8rEiOoYLYjySLHltkIkBHRcE=
github.com/q-meet/m3u8Tool/tool v0.0.0-20210218104036-d0d4d45ee0bc/go.mod h1:17W7niznuXZNRLx/LB5zHDf2v3ORA7xTD5a2Kf1BUYw=
